// !$*UTF8*$!
{
	archiveVersion = 1;
	classes = {
	};
	objectVersion = 55;
	objects = {

/* Begin PBXBuildFile section */
		81D4B20527FB6F2700873618 /* FavouritesExampleApp.swift in Sources */ = {isa = PBXBuildFile; fileRef = 81D4B20427FB6F2700873618 /* FavouritesExampleApp.swift */; };
		81D4B20927FB6F2800873618 /* Assets.xcassets in Resources */ = {isa = PBXBuildFile; fileRef = 81D4B20827FB6F2800873618 /* Assets.xcassets */; };
		81D4B20C27FB6F2800873618 /* Preview Assets.xcassets in Resources */ = {isa = PBXBuildFile; fileRef = 81D4B20B27FB6F2800873618 /* Preview Assets.xcassets */; };
		81D4B21527FB736600873618 /* IceCreamFlavour.swift in Sources */ = {isa = PBXBuildFile; fileRef = 81D4B21427FB736600873618 /* IceCreamFlavour.swift */; };
		81D4B21727FB79F000873618 /* flavours.json in Resources */ = {isa = PBXBuildFile; fileRef = 81D4B21627FB79F000873618 /* flavours.json */; };
		81D4B21A27FB7EDC00873618 /* IceCreamFlavourStore.swift in Sources */ = {isa = PBXBuildFile; fileRef = 81D4B21927FB7EDC00873618 /* IceCreamFlavourStore.swift */; };
		81D4B21E27FB810B00873618 /* FlavoursList.swift in Sources */ = {isa = PBXBuildFile; fileRef = 81D4B21D27FB810B00873618 /* FlavoursList.swift */; };
		81D4B22027FB812D00873618 /* FlavourCell.swift in Sources */ = {isa = PBXBuildFile; fileRef = 81D4B21F27FB812D00873618 /* FlavourCell.swift */; };
		81D4B22327FB883900873618 /* SharedFunctionsAndConstants.swift in Sources */ = {isa = PBXBuildFile; fileRef = 81D4B22227FB883900873618 /* SharedFunctionsAndConstants.swift */; };
		81D4B22527FB8B6F00873618 /* FavouritesList.swift in Sources */ = {isa = PBXBuildFile; fileRef = 81D4B22427FB8B6F00873618 /* FavouritesList.swift */; };
/* End PBXBuildFile section */

/* Begin PBXFileReference section */
		81D4B20127FB6F2700873618 /* FavouritesExample.app */ = {isa = PBXFileReference; explicitFileType = wrapper.application; includeInIndex = 0; path = FavouritesExample.app; sourceTree = BUILT_PRODUCTS_DIR; };
		81D4B20427FB6F2700873618 /* FavouritesExampleApp.swift */ = {isa = PBXFileReference; lastKnownFileType = sourcecode.swift; path = FavouritesExampleApp.swift; sourceTree = "<group>"; };
		81D4B20827FB6F2800873618 /* Assets.xcassets */ = {isa = PBXFileReference; lastKnownFileType = folder.assetcatalog; path = Assets.xcassets; sourceTree = "<group>"; };
		81D4B20B27FB6F2800873618 /* Preview Assets.xcassets */ = {isa = PBXFileReference; lastKnownFileType = folder.assetcatalog; path = "Preview Assets.xcassets"; sourceTree = "<group>"; };
		81D4B21427FB736600873618 /* IceCreamFlavour.swift */ = {isa = PBXFileReference; lastKnownFileType = sourcecode.swift; path = IceCreamFlavour.swift; sourceTree = "<group>"; };
		81D4B21627FB79F000873618 /* flavours.json */ = {isa = PBXFileReference; lastKnownFileType = text.json; path = flavours.json; sourceTree = "<group>"; };
		81D4B21927FB7EDC00873618 /* IceCreamFlavourStore.swift */ = {isa = PBXFileReference; lastKnownFileType = sourcecode.swift; path = IceCreamFlavourStore.swift; sourceTree = "<group>"; };
		81D4B21D27FB810B00873618 /* FlavoursList.swift */ = {isa = PBXFileReference; lastKnownFileType = sourcecode.swift; path = FlavoursList.swift; sourceTree = "<group>"; };
		81D4B21F27FB812D00873618 /* FlavourCell.swift */ = {isa = PBXFileReference; lastKnownFileType = sourcecode.swift; path = FlavourCell.swift; sourceTree = "<group>"; };
		81D4B22227FB883900873618 /* SharedFunctionsAndConstants.swift */ = {isa = PBXFileReference; fileEncoding = 4; lastKnownFileType = sourcecode.swift; path = SharedFunctionsAndConstants.swift; sourceTree = "<group>"; };
		81D4B22427FB8B6F00873618 /* FavouritesList.swift */ = {isa = PBXFileReference; lastKnownFileType = sourcecode.swift; path = FavouritesList.swift; sourceTree = "<group>"; };
/* End PBXFileReference section */

/* Begin PBXFrameworksBuildPhase section */
		81D4B1FE27FB6F2700873618 /* Frameworks */ = {
			isa = PBXFrameworksBuildPhase;
			buildActionMask = 2147483647;
			files = (
			);
			runOnlyForDeploymentPostprocessing = 0;
		};
/* End PBXFrameworksBuildPhase section */

/* Begin PBXGroup section */
		81D4B1F827FB6F2700873618 = {
			isa = PBXGroup;
			children = (
				81D4B20327FB6F2700873618 /* FavouritesExample */,
				81D4B20227FB6F2700873618 /* Products */,
			);
			sourceTree = "<group>";
		};
		81D4B20227FB6F2700873618 /* Products */ = {
			isa = PBXGroup;
			children = (
				81D4B20127FB6F2700873618 /* FavouritesExample.app */,
			);
			name = Products;
			sourceTree = "<group>";
		};
		81D4B20327FB6F2700873618 /* FavouritesExample */ = {
			isa = PBXGroup;
			children = (
				81D4B20427FB6F2700873618 /* FavouritesExampleApp.swift */,
				81D4B22127FB882F00873618 /* Helpers */,
				81D4B21227FB734400873618 /* Model */,
				81D4B21327FB734900873618 /* Views */,
				81D4B21827FB7EA700873618 /* ViewModels */,
				81D4B20827FB6F2800873618 /* Assets.xcassets */,
				81D4B20A27FB6F2800873618 /* Preview Content */,
			);
			path = FavouritesExample;
			sourceTree = "<group>";
		};
		81D4B20A27FB6F2800873618 /* Preview Content */ = {
			isa = PBXGroup;
			children = (
				81D4B20B27FB6F2800873618 /* Preview Assets.xcassets */,
			);
			path = "Preview Content";
			sourceTree = "<group>";
		};
		81D4B21227FB734400873618 /* Model */ = {
			isa = PBXGroup;
			children = (
				81D4B21427FB736600873618 /* IceCreamFlavour.swift */,
				81D4B21627FB79F000873618 /* flavours.json */,
			);
			path = Model;
			sourceTree = "<group>";
		};
		81D4B21327FB734900873618 /* Views */ = {
			isa = PBXGroup;
			children = (
				81D4B22427FB8B6F00873618 /* FavouritesList.swift */,
				81D4B21D27FB810B00873618 /* FlavoursList.swift */,
				81D4B21F27FB812D00873618 /* FlavourCell.swift */,
			);
			path = Views;
			sourceTree = "<group>";
		};
		81D4B21827FB7EA700873618 /* ViewModels */ = {
			isa = PBXGroup;
			children = (
				81D4B21927FB7EDC00873618 /* IceCreamFlavourStore.swift */,
			);
			path = ViewModels;
			sourceTree = "<group>";
		};
		81D4B22127FB882F00873618 /* Helpers */ = {
			isa = PBXGroup;
			children = (
				81D4B22227FB883900873618 /* SharedFunctionsAndConstants.swift */,
			);
			path = Helpers;
			sourceTree = "<group>";
		};
/* End PBXGroup section */

/* Begin PBXNativeTarget section */
		81D4B20027FB6F2700873618 /* FavouritesExample */ = {
			isa = PBXNativeTarget;
			buildConfigurationList = 81D4B20F27FB6F2800873618 /* Build configuration list for PBXNativeTarget "FavouritesExample" */;
			buildPhases = (
				81D4B1FD27FB6F2700873618 /* Sources */,
				81D4B1FE27FB6F2700873618 /* Frameworks */,
				81D4B1FF27FB6F2700873618 /* Resources */,
			);
			buildRules = (
			);
			dependencies = (
			);
			name = FavouritesExample;
			productName = FavouritesExample;
			productReference = 81D4B20127FB6F2700873618 /* FavouritesExample.app */;
			productType = "com.apple.product-type.application";
		};
/* End PBXNativeTarget section */

/* Begin PBXProject section */
		81D4B1F927FB6F2700873618 /* Project object */ = {
			isa = PBXProject;
			attributes = {
				BuildIndependentTargetsInParallel = 1;
				LastSwiftUpdateCheck = 1330;
				LastUpgradeCheck = 1330;
				TargetAttributes = {
					81D4B20027FB6F2700873618 = {
						CreatedOnToolsVersion = 13.3;
					};
				};
			};
			buildConfigurationList = 81D4B1FC27FB6F2700873618 /* Build configuration list for PBXProject "FavouritesExample" */;
			compatibilityVersion = "Xcode 13.0";
			developmentRegion = en;
			hasScannedForEncodings = 0;
			knownRegions = (
				en,
				Base,
			);
			mainGroup = 81D4B1F827FB6F2700873618;
			productRefGroup = 81D4B20227FB6F2700873618 /* Products */;
			projectDirPath = "";
			projectRoot = "";
			targets = (
				81D4B20027FB6F2700873618 /* FavouritesExample */,
			);
		};
/* End PBXProject section */

/* Begin PBXResourcesBuildPhase section */
		81D4B1FF27FB6F2700873618 /* Resources */ = {
			isa = PBXResourcesBuildPhase;
			buildActionMask = 2147483647;
			files = (
				81D4B21727FB79F000873618 /* flavours.json in Resources */,
				81D4B20C27FB6F2800873618 /* Preview Assets.xcassets in Resources */,
				81D4B20927FB6F2800873618 /* Assets.xcassets in Resources */,
			);
			runOnlyForDeploymentPostprocessing = 0;
		};
/* End PBXResourcesBuildPhase section */

/* Begin PBXSourcesBuildPhase section */
		81D4B1FD27FB6F2700873618 /* Sources */ = {
			isa = PBXSourcesBuildPhase;
			buildActionMask = 2147483647;
			files = (
				81D4B22327FB883900873618 /* SharedFunctionsAndConstants.swift in Sources */,
				81D4B21527FB736600873618 /* IceCreamFlavour.swift in Sources */,
				81D4B22527FB8B6F00873618 /* FavouritesList.swift in Sources */,
				81D4B21A27FB7EDC00873618 /* IceCreamFlavourStore.swift in Sources */,
				81D4B21E27FB810B00873618 /* FlavoursList.swift in Sources */,
				81D4B20527FB6F2700873618 /* FavouritesExampleApp.swift in Sources */,
				81D4B22027FB812D00873618 /* FlavourCell.swift in Sources */,
			);
			runOnlyForDeploymentPostprocessing = 0;
		};
/* End PBXSourcesBuildPhase section */

/* Begin XCBuildConfiguration section */
		81D4B20D27FB6F2800873618 /* Debug */ = {
			isa = XCBuildConfiguration;
			buildSettings = {
				ALWAYS_SEARCH_USER_PATHS = NO;
				CLANG_ANALYZER_NONNULL = YES;
				CLANG_ANALYZER_NUMBER_OBJECT_CONVERSION = YES_AGGRESSIVE;
				CLANG_CXX_LANGUAGE_STANDARD = "gnu++17";
				CLANG_ENABLE_MODULES = YES;
				CLANG_ENABLE_OBJC_ARC = YES;
				CLANG_ENABLE_OBJC_WEAK = YES;
				CLANG_WARN_BLOCK_CAPTURE_AUTORELEASING = YES;
				CLANG_WARN_BOOL_CONVERSION = YES;
				CLANG_WARN_COMMA = YES;
				CLANG_WARN_CONSTANT_CONVERSION = YES;
				CLANG_WARN_DEPRECATED_OBJC_IMPLEMENTATIONS = YES;
				CLANG_WARN_DIRECT_OBJC_ISA_USAGE = YES_ERROR;
				CLANG_WARN_DOCUMENTATION_COMMENTS = YES;
				CLANG_WARN_EMPTY_BODY = YES;
				CLANG_WARN_ENUM_CONVERSION = YES;
				CLANG_WARN_INFINITE_RECURSION = YES;
				CLANG_WARN_INT_CONVERSION = YES;
				CLANG_WARN_NON_LITERAL_NULL_CONVERSION = YES;
				CLANG_WARN_OBJC_IMPLICIT_RETAIN_SELF = YES;
				CLANG_WARN_OBJC_LITERAL_CONVERSION = YES;
				CLANG_WARN_OBJC_ROOT_CLASS = YES_ERROR;
				CLANG_WARN_QUOTED_INCLUDE_IN_FRAMEWORK_HEADER = YES;
				CLANG_WARN_RANGE_LOOP_ANALYSIS = YES;
				CLANG_WARN_STRICT_PROTOTYPES = YES;
				CLANG_WARN_SUSPICIOUS_MOVE = YES;
				CLANG_WARN_UNGUARDED_AVAILABILITY = YES_AGGRESSIVE;
				CLANG_WARN_UNREACHABLE_CODE = YES;
				CLANG_WARN__DUPLICATE_METHOD_MATCH = YES;
				COPY_PHASE_STRIP = NO;
				DEBUG_INFORMATION_FORMAT = dwarf;
				ENABLE_STRICT_OBJC_MSGSEND = YES;
				ENABLE_TESTABILITY = YES;
				GCC_C_LANGUAGE_STANDARD = gnu11;
				GCC_DYNAMIC_NO_PIC = NO;
				GCC_NO_COMMON_BLOCKS = YES;
				GCC_OPTIMIZATION_LEVEL = 0;
				GCC_PREPROCESSOR_DEFINITIONS = (
					"DEBUG=1",
					"$(inherited)",
				);
				GCC_WARN_64_TO_32_BIT_CONVERSION = YES;
				GCC_WARN_ABOUT_RETURN_TYPE = YES_ERROR;
				GCC_WARN_UNDECLARED_SELECTOR = YES;
				GCC_WARN_UNINITIALIZED_AUTOS = YES_AGGRESSIVE;
				GCC_WARN_UNUSED_FUNCTION = YES;
				GCC_WARN_UNUSED_VARIABLE = YES;
				IPHONEOS_DEPLOYMENT_TARGET = 15.4;
				MTL_ENABLE_DEBUG_INFO = INCLUDE_SOURCE;
				MTL_FAST_MATH = YES;
				ONLY_ACTIVE_ARCH = YES;
				SDKROOT = iphoneos;
				SWIFT_ACTIVE_COMPILATION_CONDITIONS = DEBUG;
				SWIFT_OPTIMIZATION_LEVEL = "-Onone";
			};
			name = Debug;
		};
		81D4B20E27FB6F2800873618 /* Release */ = {
			isa = XCBuildConfiguration;
			buildSettings = {
				ALWAYS_SEARCH_USER_PATHS = NO;
				CLANG_ANALYZER_NONNULL = YES;
				CLANG_ANALYZER_NUMBER_OBJECT_CONVERSION = YES_AGGRESSIVE;
				CLANG_CXX_LANGUAGE_STANDARD = "gnu++17";
				CLANG_ENABLE_MODULES = YES;
				CLANG_ENABLE_OBJC_ARC = YES;
				CLANG_ENABLE_OBJC_WEAK = YES;
				CLANG_WARN_BLOCK_CAPTURE_AUTORELEASING = YES;
				CLANG_WARN_BOOL_CONVERSION = YES;
				CLANG_WARN_COMMA = YES;
				CLANG_WARN_CONSTANT_CONVERSION = YES;
				CLANG_WARN_DEPRECATED_OBJC_IMPLEMENTATIONS = YES;
				CLANG_WARN_DIRECT_OBJC_ISA_USAGE = YES_ERROR;
				CLANG_WARN_DOCUMENTATION_COMMENTS = YES;
				CLANG_WARN_EMPTY_BODY = YES;
				CLANG_WARN_ENUM_CONVERSION = YES;
				CLANG_WARN_INFINITE_RECURSION = YES;
				CLANG_WARN_INT_CONVERSION = YES;
				CLANG_WARN_NON_LITERAL_NULL_CONVERSION = YES;
				CLANG_WARN_OBJC_IMPLICIT_RETAIN_SELF = YES;
				CLANG_WARN_OBJC_LITERAL_CONVERSION = YES;
				CLANG_WARN_OBJC_ROOT_CLASS = YES_ERROR;
				CLANG_WARN_QUOTED_INCLUDE_IN_FRAMEWORK_HEADER = YES;
				CLANG_WARN_RANGE_LOOP_ANALYSIS = YES;
				CLANG_WARN_STRICT_PROTOTYPES = YES;
				CLANG_WARN_SUSPICIOUS_MOVE = YES;
				CLANG_WARN_UNGUARDED_AVAILABILITY = YES_AGGRESSIVE;
				CLANG_WARN_UNREACHABLE_CODE = YES;
				CLANG_WARN__DUPLICATE_METHOD_MATCH = YES;
				COPY_PHASE_STRIP = NO;
				DEBUG_INFORMATION_FORMAT = "dwarf-with-dsym";
				ENABLE_NS_ASSERTIONS = NO;
				ENABLE_STRICT_OBJC_MSGSEND = YES;
				GCC_C_LANGUAGE_STANDARD = gnu11;
				GCC_NO_COMMON_BLOCKS = YES;
				GCC_WARN_64_TO_32_BIT_CONVERSION = YES;
				GCC_WARN_ABOUT_RETURN_TYPE = YES_ERROR;
				GCC_WARN_UNDECLARED_SELECTOR = YES;
				GCC_WARN_UNINITIALIZED_AUTOS = YES_AGGRESSIVE;
				GCC_WARN_UNUSED_FUNCTION = YES;
				GCC_WARN_UNUSED_VARIABLE = YES;
				IPHONEOS_DEPLOYMENT_TARGET = 15.4;
				MTL_ENABLE_DEBUG_INFO = NO;
				MTL_FAST_MATH = YES;
				SDKROOT = iphoneos;
				SWIFT_COMPILATION_MODE = wholemodule;
				SWIFT_OPTIMIZATION_LEVEL = "-O";
				VALIDATE_PRODUCT = YES;
			};
			name = Release;
		};
		81D4B21027FB6F2800873618 /* Debug */ = {
			isa = XCBuildConfiguration;
			buildSettings = {
				ASSETCATALOG_COMPILER_APPICON_NAME = AppIcon;
				ASSETCATALOG_COMPILER_GLOBAL_ACCENT_COLOR_NAME = AccentColor;
				CODE_SIGN_STYLE = Automatic;
				CURRENT_PROJECT_VERSION = 1;
				DEVELOPMENT_ASSET_PATHS = "\"FavouritesExample/Preview Content\"";
				ENABLE_PREVIEWS = YES;
				GENERATE_INFOPLIST_FILE = YES;
				INFOPLIST_KEY_UIApplicationSceneManifest_Generation = YES;
				INFOPLIST_KEY_UIApplicationSupportsIndirectInputEvents = YES;
				INFOPLIST_KEY_UILaunchScreen_Generation = YES;
				INFOPLIST_KEY_UISupportedInterfaceOrientations_iPad = "UIInterfaceOrientationPortrait UIInterfaceOrientationPortraitUpsideDown UIInterfaceOrientationLandscapeLeft UIInterfaceOrientationLandscapeRight";
				INFOPLIST_KEY_UISupportedInterfaceOrientations_iPhone = "UIInterfaceOrientationPortrait UIInterfaceOrientationLandscapeLeft UIInterfaceOrientationLandscapeRight";
				LD_RUNPATH_SEARCH_PATHS = (
					"$(inherited)",
					"@executable_path/Frameworks",
				);
				MARKETING_VERSION = 1.0;
				PRODUCT_BUNDLE_IDENTIFIER = ca.on.lcs.FavouritesExample;
				PRODUCT_NAME = "$(TARGET_NAME)";
				SWIFT_EMIT_LOC_STRINGS = YES;
				SWIFT_VERSION = 5.0;
				TARGETED_DEVICE_FAMILY = "1,2";
			};
			name = Debug;
		};
		81D4B21127FB6F2800873618 /* Release */ = {
			isa = XCBuildConfiguration;
			buildSettings = {
				ASSETCATALOG_COMPILER_APPICON_NAME = AppIcon;
				ASSETCATALOG_COMPILER_GLOBAL_ACCENT_COLOR_NAME = AccentColor;
				CODE_SIGN_STYLE = Automatic;
				CURRENT_PROJECT_VERSION = 1;
				DEVELOPMENT_ASSET_PATHS = "\"FavouritesExample/Preview Content\"";
				ENABLE_PREVIEWS = YES;
				GENERATE_INFOPLIST_FILE = YES;
				INFOPLIST_KEY_UIApplicationSceneManifest_Generation = YES;
				INFOPLIST_KEY_UIApplicationSupportsIndirectInputEvents = YES;
				INFOPLIST_KEY_UILaunchScreen_Generation = YES;
				INFOPLIST_KEY_UISupportedInterfaceOrientations_iPad = "UIInterfaceOrientationPortrait UIInterfaceOrientationPortraitUpsideDown UIInterfaceOrientationLandscapeLeft UIInterfaceOrientationLandscapeRight";
				INFOPLIST_KEY_UISupportedInterfaceOrientations_iPhone = "UIInterfaceOrientationPortrait UIInterfaceOrientationLandscapeLeft UIInterfaceOrientationLandscapeRight";
				LD_RUNPATH_SEARCH_PATHS = (
					"$(inherited)",
					"@executable_path/Frameworks",
				);
				MARKETING_VERSION = 1.0;
				PRODUCT_BUNDLE_IDENTIFIER = ca.on.lcs.FavouritesExample;
				PRODUCT_NAME = "$(TARGET_NAME)";
				SWIFT_EMIT_LOC_STRINGS = YES;
				SWIFT_VERSION = 5.0;
				TARGETED_DEVICE_FAMILY = "1,2";
			};
			name = Release;
		};
/* End XCBuildConfiguration section */

/* Begin XCConfigurationList section */
		81D4B1FC27FB6F2700873618 /* Build configuration list for PBXProject "FavouritesExample" */ = {
			isa = XCConfigurationList;
			buildConfigurations = (
				81D4B20D27FB6F2800873618 /* Debug */,
				81D4B20E27FB6F2800873618 /* Release */,
			);
			defaultConfigurationIsVisible = 0;
			defaultConfigurationName = Release;
		};
		81D4B20F27FB6F2800873618 /* Build configuration list for PBXNativeTarget "FavouritesExample" */ = {
			isa = XCConfigurationList;
			buildConfigurations = (
				81D4B21027FB6F2800873618 /* Debug */,
				81D4B21127FB6F2800873618 /* Release */,
			);
			defaultConfigurationIsVisible = 0;
			defaultConfigurationName = Release;
		};
/* End XCConfigurationList section */
	};
	rootObject = 81D4B1F927FB6F2700873618 /* Project object */;
}
